// !$*UTF8*$!
{
	archiveVersion = 1;
	classes = {
	};
	objectVersion = 48;
	objects = {

/* Begin PBXBuildFile section */
		9421D3511FF5A9A700992E4E /* AppDelegate.swift in Sources */ = {isa = PBXBuildFile; fileRef = 9421D3501FF5A9A700992E4E /* AppDelegate.swift */; };
		9421D3531FF5A9A700992E4E /* ViewController.swift in Sources */ = {isa = PBXBuildFile; fileRef = 9421D3521FF5A9A700992E4E /* ViewController.swift */; };
		9421D3561FF5A9A700992E4E /* Main.storyboard in Resources */ = {isa = PBXBuildFile; fileRef = 9421D3541FF5A9A700992E4E /* Main.storyboard */; };
		9421D3581FF5A9A700992E4E /* Assets.xcassets in Resources */ = {isa = PBXBuildFile; fileRef = 9421D3571FF5A9A700992E4E /* Assets.xcassets */; };
		9421D35B1FF5A9A700992E4E /* LaunchScreen.storyboard in Resources */ = {isa = PBXBuildFile; fileRef = 9421D3591FF5A9A700992E4E /* LaunchScreen.storyboard */; };
		942420B6209BF0E6000ED795 /* Realm.framework in Frameworks */ = {isa = PBXBuildFile; fileRef = 942420B4209BF0E6000ED795 /* Realm.framework */; };
		942420B7209BF0E6000ED795 /* Realm.framework in Embed Frameworks */ = {isa = PBXBuildFile; fileRef = 942420B4209BF0E6000ED795 /* Realm.framework */; settings = {ATTRIBUTES = (CodeSignOnCopy, RemoveHeadersOnCopy, ); }; };
		942420B8209BF0E6000ED795 /* RealmSwift.framework in Frameworks */ = {isa = PBXBuildFile; fileRef = 942420B5209BF0E6000ED795 /* RealmSwift.framework */; };
		942420B9209BF0E6000ED795 /* RealmSwift.framework in Embed Frameworks */ = {isa = PBXBuildFile; fileRef = 942420B5209BF0E6000ED795 /* RealmSwift.framework */; settings = {ATTRIBUTES = (CodeSignOnCopy, RemoveHeadersOnCopy, ); }; };
		94295A201FF87A6D00466F40 /* location (2).gpx in Resources */ = {isa = PBXBuildFile; fileRef = 94295A1F1FF87A6D00466F40 /* location (2).gpx */; };
		942DBB3B209BEE7100FF2B35 /* DataSet.swift in Sources */ = {isa = PBXBuildFile; fileRef = 942DBB3A209BEE7100FF2B35 /* DataSet.swift */; };
		944028DC209ACA04009358F0 /* data.csv in Resources */ = {isa = PBXBuildFile; fileRef = 944028DB209ACA04009358F0 /* data.csv */; };
		947825CB200BDEE30026701A /* BLECentralViewController.swift in Sources */ = {isa = PBXBuildFile; fileRef = 947825CA200BDEE20026701A /* BLECentralViewController.swift */; };
		947825CD200BDF080026701A /* PeripheralTableViewCell.swift in Sources */ = {isa = PBXBuildFile; fileRef = 947825CC200BDF080026701A /* PeripheralTableViewCell.swift */; };
		947825CF200BDF2F0026701A /* UUIDKey.swift in Sources */ = {isa = PBXBuildFile; fileRef = 947825CE200BDF2F0026701A /* UUIDKey.swift */; };
		947825D1200BE02F0026701A /* UartModuleViewController.swift in Sources */ = {isa = PBXBuildFile; fileRef = 947825D0200BE02F0026701A /* UartModuleViewController.swift */; };
		948279B3209BF3BD001E3154 /* TimeSet.swift in Sources */ = {isa = PBXBuildFile; fileRef = 948279B2209BF3BD001E3154 /* TimeSet.swift */; };
		948279B5209BF3E5001E3154 /* DataPoint.swift in Sources */ = {isa = PBXBuildFile; fileRef = 948279B4209BF3E5001E3154 /* DataPoint.swift */; };
		948279B7209BF454001E3154 /* DataChannel.swift in Sources */ = {isa = PBXBuildFile; fileRef = 948279B6209BF454001E3154 /* DataChannel.swift */; };
		948279B9209BF64A001E3154 /* CSVToDBViewController.swift in Sources */ = {isa = PBXBuildFile; fileRef = 948279B8209BF64A001E3154 /* CSVToDBViewController.swift */; };
		94BFFCDE209561E20096968A /* HomeCollectionViewController.swift in Sources */ = {isa = PBXBuildFile; fileRef = 94BFFCDD209561E20096968A /* HomeCollectionViewController.swift */; };
		94BFFCE0209564430096968A /* HomeCollectionViewCell.swift in Sources */ = {isa = PBXBuildFile; fileRef = 94BFFCDF209564430096968A /* HomeCollectionViewCell.swift */; };
		94BFFCE22096A5940096968A /* DetailViewController.swift in Sources */ = {isa = PBXBuildFile; fileRef = 94BFFCE12096A5940096968A /* DetailViewController.swift */; };
/* End PBXBuildFile section */

/* Begin PBXCopyFilesBuildPhase section */
		942420BA209BF0E6000ED795 /* Embed Frameworks */ = {
			isa = PBXCopyFilesBuildPhase;
			buildActionMask = 2147483647;
			dstPath = "";
			dstSubfolderSpec = 10;
			files = (
				942420B9209BF0E6000ED795 /* RealmSwift.framework in Embed Frameworks */,
				942420B7209BF0E6000ED795 /* Realm.framework in Embed Frameworks */,
			);
			name = "Embed Frameworks";
			runOnlyForDeploymentPostprocessing = 0;
		};
/* End PBXCopyFilesBuildPhase section */

/* Begin PBXFileReference section */
		9421D34D1FF5A9A700992E4E /* UltraSky-iOS.app */ = {isa = PBXFileReference; explicitFileType = wrapper.application; includeInIndex = 0; path = "UltraSky-iOS.app"; sourceTree = BUILT_PRODUCTS_DIR; };
		9421D3501FF5A9A700992E4E /* AppDelegate.swift */ = {isa = PBXFileReference; lastKnownFileType = sourcecode.swift; path = AppDelegate.swift; sourceTree = "<group>"; };
		9421D3521FF5A9A700992E4E /* ViewController.swift */ = {isa = PBXFileReference; lastKnownFileType = sourcecode.swift; path = ViewController.swift; sourceTree = "<group>"; };
		9421D3551FF5A9A700992E4E /* Base */ = {isa = PBXFileReference; lastKnownFileType = file.storyboard; name = Base; path = Base.lproj/Main.storyboard; sourceTree = "<group>"; };
		9421D3571FF5A9A700992E4E /* Assets.xcassets */ = {isa = PBXFileReference; lastKnownFileType = folder.assetcatalog; path = Assets.xcassets; sourceTree = "<group>"; };
		9421D35A1FF5A9A700992E4E /* Base */ = {isa = PBXFileReference; lastKnownFileType = file.storyboard; name = Base; path = Base.lproj/LaunchScreen.storyboard; sourceTree = "<group>"; };
		9421D35C1FF5A9A700992E4E /* Info.plist */ = {isa = PBXFileReference; lastKnownFileType = text.plist.xml; path = Info.plist; sourceTree = "<group>"; };
		942420B4209BF0E6000ED795 /* Realm.framework */ = {isa = PBXFileReference; lastKnownFileType = wrapper.framework; name = Realm.framework; path = "../realm-swift-3.5.0/ios/swift-4.1/Realm.framework"; sourceTree = "<group>"; };
		942420B5209BF0E6000ED795 /* RealmSwift.framework */ = {isa = PBXFileReference; lastKnownFileType = wrapper.framework; name = RealmSwift.framework; path = "../realm-swift-3.5.0/ios/swift-4.1/RealmSwift.framework"; sourceTree = "<group>"; };
		94295A1F1FF87A6D00466F40 /* location (2).gpx */ = {isa = PBXFileReference; fileEncoding = 4; lastKnownFileType = text.xml; path = "location (2).gpx"; sourceTree = "<group>"; };
		942DBB3A209BEE7100FF2B35 /* DataSet.swift */ = {isa = PBXFileReference; lastKnownFileType = sourcecode.swift; path = DataSet.swift; sourceTree = "<group>"; };
		944028DB209ACA04009358F0 /* data.csv */ = {isa = PBXFileReference; fileEncoding = 4; lastKnownFileType = text; name = data.csv; path = ../../UltraSky_Visualization/data/data.csv; sourceTree = "<group>"; };
		947825CA200BDEE20026701A /* BLECentralViewController.swift */ = {isa = PBXFileReference; fileEncoding = 4; lastKnownFileType = sourcecode.swift; path = BLECentralViewController.swift; sourceTree = "<group>"; };
		947825CC200BDF080026701A /* PeripheralTableViewCell.swift */ = {isa = PBXFileReference; fileEncoding = 4; lastKnownFileType = sourcecode.swift; path = PeripheralTableViewCell.swift; sourceTree = "<group>"; };
		947825CE200BDF2F0026701A /* UUIDKey.swift */ = {isa = PBXFileReference; fileEncoding = 4; lastKnownFileType = sourcecode.swift; path = UUIDKey.swift; sourceTree = "<group>"; };
		947825D0200BE02F0026701A /* UartModuleViewController.swift */ = {isa = PBXFileReference; fileEncoding = 4; lastKnownFileType = sourcecode.swift; path = UartModuleViewController.swift; sourceTree = "<group>"; };
		948279B2209BF3BD001E3154 /* TimeSet.swift */ = {isa = PBXFileReference; lastKnownFileType = sourcecode.swift; path = TimeSet.swift; sourceTree = "<group>"; };
		948279B4209BF3E5001E3154 /* DataPoint.swift */ = {isa = PBXFileReference; lastKnownFileType = sourcecode.swift; path = DataPoint.swift; sourceTree = "<group>"; };
		948279B6209BF454001E3154 /* DataChannel.swift */ = {isa = PBXFileReference; lastKnownFileType = sourcecode.swift; path = DataChannel.swift; sourceTree = "<group>"; };
		948279B8209BF64A001E3154 /* CSVToDBViewController.swift */ = {isa = PBXFileReference; lastKnownFileType = sourcecode.swift; path = CSVToDBViewController.swift; sourceTree = "<group>"; };
		94BFFCDD209561E20096968A /* HomeCollectionViewController.swift */ = {isa = PBXFileReference; lastKnownFileType = sourcecode.swift; path = HomeCollectionViewController.swift; sourceTree = "<group>"; };
		94BFFCDF209564430096968A /* HomeCollectionViewCell.swift */ = {isa = PBXFileReference; lastKnownFileType = sourcecode.swift; path = HomeCollectionViewCell.swift; sourceTree = "<group>"; };
		94BFFCE12096A5940096968A /* DetailViewController.swift */ = {isa = PBXFileReference; lastKnownFileType = sourcecode.swift; path = DetailViewController.swift; sourceTree = "<group>"; };
/* End PBXFileReference section */

/* Begin PBXFrameworksBuildPhase section */
		9421D34A1FF5A9A700992E4E /* Frameworks */ = {
			isa = PBXFrameworksBuildPhase;
			buildActionMask = 2147483647;
			files = (
				942420B8209BF0E6000ED795 /* RealmSwift.framework in Frameworks */,
				942420B6209BF0E6000ED795 /* Realm.framework in Frameworks */,
			);
			runOnlyForDeploymentPostprocessing = 0;
		};
/* End PBXFrameworksBuildPhase section */

/* Begin PBXGroup section */
		9421D3441FF5A9A700992E4E = {
			isa = PBXGroup;
			children = (
				942420B4209BF0E6000ED795 /* Realm.framework */,
				942420B5209BF0E6000ED795 /* RealmSwift.framework */,
				9421D34F1FF5A9A700992E4E /* UltraSky-iOS */,
				9421D34E1FF5A9A700992E4E /* Products */,
			);
			sourceTree = "<group>";
		};
		9421D34E1FF5A9A700992E4E /* Products */ = {
			isa = PBXGroup;
			children = (
				9421D34D1FF5A9A700992E4E /* UltraSky-iOS.app */,
			);
			name = Products;
			sourceTree = "<group>";
		};
		9421D34F1FF5A9A700992E4E /* UltraSky-iOS */ = {
			isa = PBXGroup;
			children = (
				9421D3501FF5A9A700992E4E /* AppDelegate.swift */,
				944028DB209ACA04009358F0 /* data.csv */,
				947825CA200BDEE20026701A /* BLECentralViewController.swift */,
				947825CC200BDF080026701A /* PeripheralTableViewCell.swift */,
				947825D0200BE02F0026701A /* UartModuleViewController.swift */,
				947825CE200BDF2F0026701A /* UUIDKey.swift */,
				9421D3521FF5A9A700992E4E /* ViewController.swift */,
				94BFFCDD209561E20096968A /* HomeCollectionViewController.swift */,
				94BFFCDF209564430096968A /* HomeCollectionViewCell.swift */,
				94BFFCE12096A5940096968A /* DetailViewController.swift */,
				942DBB3A209BEE7100FF2B35 /* DataSet.swift */,
				948279B2209BF3BD001E3154 /* TimeSet.swift */,
				948279B6209BF454001E3154 /* DataChannel.swift */,
				948279B4209BF3E5001E3154 /* DataPoint.swift */,
				9421D3541FF5A9A700992E4E /* Main.storyboard */,
				948279B8209BF64A001E3154 /* CSVToDBViewController.swift */,
				9421D3571FF5A9A700992E4E /* Assets.xcassets */,
				9421D3591FF5A9A700992E4E /* LaunchScreen.storyboard */,
				9421D35C1FF5A9A700992E4E /* Info.plist */,
				94295A1F1FF87A6D00466F40 /* location (2).gpx */,
			);
			path = "UltraSky-iOS";
			sourceTree = "<group>";
		};
/* End PBXGroup section */

/* Begin PBXNativeTarget section */
		9421D34C1FF5A9A700992E4E /* UltraSky-iOS */ = {
			isa = PBXNativeTarget;
			buildConfigurationList = 9421D35F1FF5A9A700992E4E /* Build configuration list for PBXNativeTarget "UltraSky-iOS" */;
			buildPhases = (
				9421D3491FF5A9A700992E4E /* Sources */,
				9421D34A1FF5A9A700992E4E /* Frameworks */,
				9421D34B1FF5A9A700992E4E /* Resources */,
				942420BA209BF0E6000ED795 /* Embed Frameworks */,
				942420BB209BF125000ED795 /* ShellScript */,
			);
			buildRules = (
			);
			dependencies = (
			);
			name = "UltraSky-iOS";
			productName = "UltraSky-iOS";
			productReference = 9421D34D1FF5A9A700992E4E /* UltraSky-iOS.app */;
			productType = "com.apple.product-type.application";
		};
/* End PBXNativeTarget section */

/* Begin PBXProject section */
		9421D3451FF5A9A700992E4E /* Project object */ = {
			isa = PBXProject;
			attributes = {
				LastSwiftUpdateCheck = 0920;
				LastUpgradeCheck = 0920;
				ORGANIZATIONNAME = "Ryan Westcott";
				TargetAttributes = {
					9421D34C1FF5A9A700992E4E = {
						CreatedOnToolsVersion = 9.2;
						ProvisioningStyle = Automatic;
					};
				};
			};
			buildConfigurationList = 9421D3481FF5A9A700992E4E /* Build configuration list for PBXProject "UltraSky-iOS" */;
			compatibilityVersion = "Xcode 8.0";
			developmentRegion = en;
			hasScannedForEncodings = 0;
			knownRegions = (
				en,
				Base,
			);
			mainGroup = 9421D3441FF5A9A700992E4E;
			productRefGroup = 9421D34E1FF5A9A700992E4E /* Products */;
			projectDirPath = "";
			projectRoot = "";
			targets = (
				9421D34C1FF5A9A700992E4E /* UltraSky-iOS */,
			);
		};
/* End PBXProject section */

/* Begin PBXResourcesBuildPhase section */
		9421D34B1FF5A9A700992E4E /* Resources */ = {
			isa = PBXResourcesBuildPhase;
			buildActionMask = 2147483647;
			files = (
				9421D35B1FF5A9A700992E4E /* LaunchScreen.storyboard in Resources */,
				94295A201FF87A6D00466F40 /* location (2).gpx in Resources */,
				944028DC209ACA04009358F0 /* data.csv in Resources */,
				9421D3581FF5A9A700992E4E /* Assets.xcassets in Resources */,
				9421D3561FF5A9A700992E4E /* Main.storyboard in Resources */,
			);
			runOnlyForDeploymentPostprocessing = 0;
		};
/* End PBXResourcesBuildPhase section */

/* Begin PBXShellScriptBuildPhase section */
		942420BB209BF125000ED795 /* ShellScript */ = {
			isa = PBXShellScriptBuildPhase;
			buildActionMask = 2147483647;
			files = (
			);
			inputPaths = (
			);
			outputPaths = (
			);
			runOnlyForDeploymentPostprocessing = 0;
			shellPath = /bin/sh;
			shellScript = "bash \"${BUILT_PRODUCTS_DIR}/${FRAMEWORKS_FOLDER_PATH}/Realm.framework/strip-frameworks.sh\"";
		};
/* End PBXShellScriptBuildPhase section */

/* Begin PBXSourcesBuildPhase section */
		9421D3491FF5A9A700992E4E /* Sources */ = {
			isa = PBXSourcesBuildPhase;
			buildActionMask = 2147483647;
			files = (
				94BFFCE22096A5940096968A /* DetailViewController.swift in Sources */,
				9421D3531FF5A9A700992E4E /* ViewController.swift in Sources */,
				948279B9209BF64A001E3154 /* CSVToDBViewController.swift in Sources */,
				947825CB200BDEE30026701A /* BLECentralViewController.swift in Sources */,
				9421D3511FF5A9A700992E4E /* AppDelegate.swift in Sources */,
				947825CF200BDF2F0026701A /* UUIDKey.swift in Sources */,
				94BFFCDE209561E20096968A /* HomeCollectionViewController.swift in Sources */,
				948279B5209BF3E5001E3154 /* DataPoint.swift in Sources */,
				948279B7209BF454001E3154 /* DataChannel.swift in Sources */,
				942DBB3B209BEE7100FF2B35 /* DataSet.swift in Sources */,
				947825D1200BE02F0026701A /* UartModuleViewController.swift in Sources */,
				947825CD200BDF080026701A /* PeripheralTableViewCell.swift in Sources */,
				948279B3209BF3BD001E3154 /* TimeSet.swift in Sources */,
				94BFFCE0209564430096968A /* HomeCollectionViewCell.swift in Sources */,
			);
			runOnlyForDeploymentPostprocessing = 0;
		};
/* End PBXSourcesBuildPhase section */

/* Begin PBXVariantGroup section */
		9421D3541FF5A9A700992E4E /* Main.storyboard */ = {
			isa = PBXVariantGroup;
			children = (
				9421D3551FF5A9A700992E4E /* Base */,
			);
			name = Main.storyboard;
			sourceTree = "<group>";
		};
		9421D3591FF5A9A700992E4E /* LaunchScreen.storyboard */ = {
			isa = PBXVariantGroup;
			children = (
				9421D35A1FF5A9A700992E4E /* Base */,
			);
			name = LaunchScreen.storyboard;
			sourceTree = "<group>";
		};
/* End PBXVariantGroup section */

/* Begin XCBuildConfiguration section */
		9421D35D1FF5A9A700992E4E /* Debug */ = {
			isa = XCBuildConfiguration;
			buildSettings = {
				ALWAYS_SEARCH_USER_PATHS = NO;
				CLANG_ANALYZER_NONNULL = YES;
				CLANG_ANALYZER_NUMBER_OBJECT_CONVERSION = YES_AGGRESSIVE;
				CLANG_CXX_LANGUAGE_STANDARD = "gnu++14";
				CLANG_CXX_LIBRARY = "libc++";
				CLANG_ENABLE_MODULES = YES;
				CLANG_ENABLE_OBJC_ARC = YES;
				CLANG_WARN_BLOCK_CAPTURE_AUTORELEASING = YES;
				CLANG_WARN_BOOL_CONVERSION = YES;
				CLANG_WARN_COMMA = YES;
				CLANG_WARN_CONSTANT_CONVERSION = YES;
				CLANG_WARN_DIRECT_OBJC_ISA_USAGE = YES_ERROR;
				CLANG_WARN_DOCUMENTATION_COMMENTS = YES;
				CLANG_WARN_EMPTY_BODY = YES;
				CLANG_WARN_ENUM_CONVERSION = YES;
				CLANG_WARN_INFINITE_RECURSION = YES;
				CLANG_WARN_INT_CONVERSION = YES;
				CLANG_WARN_NON_LITERAL_NULL_CONVERSION = YES;
				CLANG_WARN_OBJC_LITERAL_CONVERSION = YES;
				CLANG_WARN_OBJC_ROOT_CLASS = YES_ERROR;
				CLANG_WARN_RANGE_LOOP_ANALYSIS = YES;
				CLANG_WARN_STRICT_PROTOTYPES = YES;
				CLANG_WARN_SUSPICIOUS_MOVE = YES;
				CLANG_WARN_UNGUARDED_AVAILABILITY = YES_AGGRESSIVE;
				CLANG_WARN_UNREACHABLE_CODE = YES;
				CLANG_WARN__DUPLICATE_METHOD_MATCH = YES;
				CODE_SIGN_IDENTITY = "iPhone Developer";
				COPY_PHASE_STRIP = NO;
				DEBUG_INFORMATION_FORMAT = dwarf;
				ENABLE_STRICT_OBJC_MSGSEND = YES;
				ENABLE_TESTABILITY = YES;
				FRAMEWORK_SEARCH_PATHS = "$(PROJECT_DIR)";
				GCC_C_LANGUAGE_STANDARD = gnu11;
				GCC_DYNAMIC_NO_PIC = NO;
				GCC_NO_COMMON_BLOCKS = YES;
				GCC_OPTIMIZATION_LEVEL = 0;
				GCC_PREPROCESSOR_DEFINITIONS = (
					"DEBUG=1",
					"$(inherited)",
				);
				GCC_WARN_64_TO_32_BIT_CONVERSION = YES;
				GCC_WARN_ABOUT_RETURN_TYPE = YES_ERROR;
				GCC_WARN_UNDECLARED_SELECTOR = YES;
				GCC_WARN_UNINITIALIZED_AUTOS = YES_AGGRESSIVE;
				GCC_WARN_UNUSED_FUNCTION = YES;
				GCC_WARN_UNUSED_VARIABLE = YES;
				IPHONEOS_DEPLOYMENT_TARGET = 11.2;
				MTL_ENABLE_DEBUG_INFO = YES;
				ONLY_ACTIVE_ARCH = YES;
				SDKROOT = iphoneos;
				SWIFT_ACTIVE_COMPILATION_CONDITIONS = DEBUG;
				SWIFT_OPTIMIZATION_LEVEL = "-Onone";
			};
			name = Debug;
		};
		9421D35E1FF5A9A700992E4E /* Release */ = {
			isa = XCBuildConfiguration;
			buildSettings = {
				ALWAYS_SEARCH_USER_PATHS = NO;
				CLANG_ANALYZER_NONNULL = YES;
				CLANG_ANALYZER_NUMBER_OBJECT_CONVERSION = YES_AGGRESSIVE;
				CLANG_CXX_LANGUAGE_STANDARD = "gnu++14";
				CLANG_CXX_LIBRARY = "libc++";
				CLANG_ENABLE_MODULES = YES;
				CLANG_ENABLE_OBJC_ARC = YES;
				CLANG_WARN_BLOCK_CAPTURE_AUTORELEASING = YES;
				CLANG_WARN_BOOL_CONVERSION = YES;
				CLANG_WARN_COMMA = YES;
				CLANG_WARN_CONSTANT_CONVERSION = YES;
				CLANG_WARN_DIRECT_OBJC_ISA_USAGE = YES_ERROR;
				CLANG_WARN_DOCUMENTATION_COMMENTS = YES;
				CLANG_WARN_EMPTY_BODY = YES;
				CLANG_WARN_ENUM_CONVERSION = YES;
				CLANG_WARN_INFINITE_RECURSION = YES;
				CLANG_WARN_INT_CONVERSION = YES;
				CLANG_WARN_NON_LITERAL_NULL_CONVERSION = YES;
				CLANG_WARN_OBJC_LITERAL_CONVERSION = YES;
				CLANG_WARN_OBJC_ROOT_CLASS = YES_ERROR;
				CLANG_WARN_RANGE_LOOP_ANALYSIS = YES;
				CLANG_WARN_STRICT_PROTOTYPES = YES;
				CLANG_WARN_SUSPICIOUS_MOVE = YES;
				CLANG_WARN_UNGUARDED_AVAILABILITY = YES_AGGRESSIVE;
				CLANG_WARN_UNREACHABLE_CODE = YES;
				CLANG_WARN__DUPLICATE_METHOD_MATCH = YES;
				CODE_SIGN_IDENTITY = "iPhone Developer";
				COPY_PHASE_STRIP = NO;
				DEBUG_INFORMATION_FORMAT = "dwarf-with-dsym";
				ENABLE_NS_ASSERTIONS = NO;
				ENABLE_STRICT_OBJC_MSGSEND = YES;
				FRAMEWORK_SEARCH_PATHS = "$(PROJECT_DIR)";
				GCC_C_LANGUAGE_STANDARD = gnu11;
				GCC_NO_COMMON_BLOCKS = YES;
				GCC_WARN_64_TO_32_BIT_CONVERSION = YES;
				GCC_WARN_ABOUT_RETURN_TYPE = YES_ERROR;
				GCC_WARN_UNDECLARED_SELECTOR = YES;
				GCC_WARN_UNINITIALIZED_AUTOS = YES_AGGRESSIVE;
				GCC_WARN_UNUSED_FUNCTION = YES;
				GCC_WARN_UNUSED_VARIABLE = YES;
				IPHONEOS_DEPLOYMENT_TARGET = 11.2;
				MTL_ENABLE_DEBUG_INFO = NO;
				SDKROOT = iphoneos;
				SWIFT_OPTIMIZATION_LEVEL = "-Owholemodule";
				VALIDATE_PRODUCT = YES;
			};
			name = Release;
		};
		9421D3601FF5A9A700992E4E /* Debug */ = {
			isa = XCBuildConfiguration;
			buildSettings = {
				ASSETCATALOG_COMPILER_APPICON_NAME = AppIcon;
				CODE_SIGN_STYLE = Automatic;
				DEVELOPMENT_TEAM = 7RS4FMJ2NJ;
				INFOPLIST_FILE = "UltraSky-iOS/Info.plist";
				IPHONEOS_DEPLOYMENT_TARGET = 11;
				LD_RUNPATH_SEARCH_PATHS = "$(inherited) @executable_path/Frameworks";
				PRODUCT_BUNDLE_IDENTIFIER = "com.rywesTech.UltraSky-iOS";
				PRODUCT_NAME = "$(TARGET_NAME)";
				SWIFT_VERSION = 4.0;
				TARGETED_DEVICE_FAMILY = "1,2";
			};
			name = Debug;
		};
		9421D3611FF5A9A700992E4E /* Release */ = {
			isa = XCBuildConfiguration;
			buildSettings = {
				ASSETCATALOG_COMPILER_APPICON_NAME = AppIcon;
				CODE_SIGN_STYLE = Automatic;
				DEVELOPMENT_TEAM = 7RS4FMJ2NJ;
				INFOPLIST_FILE = "UltraSky-iOS/Info.plist";
				IPHONEOS_DEPLOYMENT_TARGET = 11;
				LD_RUNPATH_SEARCH_PATHS = "$(inherited) @executable_path/Frameworks";
				PRODUCT_BUNDLE_IDENTIFIER = "com.rywesTech.UltraSky-iOS";
				PRODUCT_NAME = "$(TARGET_NAME)";
				SWIFT_VERSION = 4.0;
				TARGETED_DEVICE_FAMILY = "1,2";
			};
			name = Release;
		};
/* End XCBuildConfiguration section */

/* Begin XCConfigurationList section */
		9421D3481FF5A9A700992E4E /* Build configuration list for PBXProject "UltraSky-iOS" */ = {
			isa = XCConfigurationList;
			buildConfigurations = (
				9421D35D1FF5A9A700992E4E /* Debug */,
				9421D35E1FF5A9A700992E4E /* Release */,
			);
			defaultConfigurationIsVisible = 0;
			defaultConfigurationName = Release;
		};
		9421D35F1FF5A9A700992E4E /* Build configuration list for PBXNativeTarget "UltraSky-iOS" */ = {
			isa = XCConfigurationList;
			buildConfigurations = (
				9421D3601FF5A9A700992E4E /* Debug */,
				9421D3611FF5A9A700992E4E /* Release */,
			);
			defaultConfigurationIsVisible = 0;
			defaultConfigurationName = Release;
		};
/* End XCConfigurationList section */
	};
	rootObject = 9421D3451FF5A9A700992E4E /* Project object */;
}
